<?xml version="1.0" encoding="utf-8"?>
<Project ToolsVersion="4.0" xmlns="http://schemas.microsoft.com/developer/msbuild/2003">
  <ItemGroup>
    <Filter Include="Source Files">
      <UniqueIdentifier>{4FC737F1-C7A5-4376-A066-2A32D752A2FF}</UniqueIdentifier>
      <Extensions>cpp;c;cc;cxx;c++;cppm;ixx;def;odl;idl;hpj;bat;asm;asmx</Extensions>
    </Filter>
    <Filter Include="Header Files">
      <UniqueIdentifier>{93995380-89BD-4b04-88EB-625FBE52EBFB}</UniqueIdentifier>
      <Extensions>h;hh;hpp;hxx;h++;hm;inl;inc;ipp;xsd</Extensions>
    </Filter>
    <Filter Include="Resource Files">
      <UniqueIdentifier>{67DA6AB6-F800-4c08-8B7A-83BB121AAD01}</UniqueIdentifier>
      <Extensions>rc;ico;cur;bmp;dlg;rc2;rct;bin;rgs;gif;jpg;jpeg;jpe;resx;tiff;tif;png;wav;mfcribbon-ms</Extensions>
    </Filter>
    <Filter Include="Header Files\utillib">
      <UniqueIdentifier>{29d68e7c-f203-4d56-9cca-b41369fa2d52}</UniqueIdentifier>
    </Filter>
  </ItemGroup>
  <ItemGroup>
    <ClCompile Include="main.cpp">
      <Filter>Source Files</Filter>
    </ClCompile>
    <ClCompile Include="MOD.cpp">
      <Filter>Source Files</Filter>
    </ClCompile>
    <ClCompile Include="util\vector_reader.cpp">
      <Filter>Header Files\utillib</Filter>
    </ClCompile>
    <ClCompile Include="util\fstream_reader.cpp">
      <Filter>Header Files\utillib</Filter>
    </ClCompile>
    <ClCompile Include="util\fstream_writer.cpp">
      <Filter>Header Files\utillib</Filter>
    </ClCompile>
    <ClCompile Include="cmds.cpp">
      <Filter>Source Files</Filter>
    </ClCompile>
  </ItemGroup>
  <ItemGroup>
    <ClInclude Include="types.hpp">
      <Filter>Header Files</Filter>
    </ClInclude>
    <ClInclude Include="MOD.hpp">
      <Filter>Header Files</Filter>
    </ClInclude>
    <ClInclude Include="util\fstream_reader.hpp">
      <Filter>Header Files\utillib</Filter>
    </ClInclude>
    <ClInclude Include="util\misc.hpp">
      <Filter>Header Files\utillib</Filter>
    </ClInclude>
    <ClInclude Include="util\tokeniser.hpp">
      <Filter>Header Files\utillib</Filter>
    </ClInclude>
    <ClInclude Include="util\vector_reader.hpp">
      <Filter>Header Files\utillib</Filter>
    </ClInclude>
    <ClInclude Include="util\fstream_writer.hpp">
      <Filter>Header Files\utillib</Filter>
    </ClInclude>
    <ClInclude Include="cmds.hpp">
      <Filter>Header Files</Filter>
    </ClInclude>
  </ItemGroup>
</Project>